# This file is automatically @generated by Wally.
# It is not intended for manual editing.
registry = "test"

[[package]]
name = "evaera/promise"
version = "4.0.0"
dependencies = []

[[package]]
name = "revvy02/cleaner"
version = "0.0.11"
dependencies = [["TestEZ", "roblox/testez@0.4.1"]]

[[package]]
name = "revvy02/mocknetwork"
version = "0.0.3"
dependencies = [["Slick", "revvy02/slick@0.0.8"], ["TestEZ", "roblox/testez@0.4.1"]]

[[package]]
name = "revvy02/slick"
version = "0.0.8"
dependencies = [["Cleaner", "revvy02/cleaner@0.0.11"], ["Promise", "evaera/promise@4.0.0"], ["TestEZ", "roblox/testez@0.4.1"]]

[[package]]
name = "roblox/testez"
version = "0.4.1"
dependencies = []
